{
  "name": "io.cordova.hellocordova",
  "version": "1.0.0",
  "lockfileVersion": 3,
  "requires": true,
  "packages": {
    "": {
      "name": "io.cordova.hellocordova",
      "version": "1.0.0",
      "license": "Apache-2.0",
      "devDependencies": {
        "@btfuse/cordova-android": "file:../android"
      }
    },
    "../android": {
      "name": "@btfuse/cordova-android",
      "version": "0.0.0",
      "dev": true,
      "license": "Apache-2.0",
      "dependencies": {
        "elementtree": "^0.1.7"
      },
      "devDependencies": {
        "@types/elementtree": "^0.1.5",
        "@types/node": "^22.10.7",
        "ts-node": "^10.9.2",
        "typescript": "^5.7.3"
      }
    },
    "node_modules/@btfuse/cordova-android": {
      "resolved": "../android",
      "link": true
    }
  }
}
