{
  "name": "native-view-test-app",
  "version": "0.0.0",
  "lockfileVersion": 3,
  "requires": true,
  "packages": {
    "": {
      "name": "native-view-test-app",
      "version": "0.0.0",
      "license": "Apache-2.0",
      "dependencies": {
        "@btfuse/core": "file:../../../js",
        "@btfuse/native-view": "file:.."
      }
    },
    "..": {
      "name": "@btfuse/native-view",
      "version": "0.0.0",
      "license": "Apache-2.0",
      "devDependencies": {
        "@btfuse/core": "file:../../js"
      }
    },
    "../../../js": {
      "version": "0.8.0",
      "license": "Apache-2.0",
      "dependencies": {
        "tslib": "2.8.0",
        "uuid": "10.0.0"
      },
      "devDependencies": {
        "@types/uuid": "10.0.0"
      }
    },
    "node_modules/@btfuse/core": {
      "resolved": "../../../js",
      "link": true
    },
    "node_modules/@btfuse/native-view": {
      "resolved": "..",
      "link": true
    }
  }
}
