{
  "name": "fuse-cordova",
  "version": "0.0.0",
  "lockfileVersion": 3,
  "requires": true,
  "packages": {
    "": {
      "name": "fuse-cordova",
      "version": "0.0.0",
      "license": "Apache-2.0",
      "dependencies": {
        "elementtree": "^0.1.7"
      },
      "devDependencies": {
        "@types/elementtree": "^0.1.5"
      }
    },
    "node_modules/@types/elementtree": {
      "version": "0.1.5",
      "resolved": "https://registry.totalpave.com:48731/@types%2felementtree/-/elementtree-0.1.5.tgz",
      "integrity": "sha512-sDPG9iHzbN7Cvf0FLVzmaRiNMCYPQXh+xt0QI/I9P/sPdPX0veG/gvxA4eMuOq6tReg4cpXVH3356y2Qzdl+5g==",
      "dev": true,
      "license": "MIT"
    },
    "node_modules/elementtree": {
      "version": "0.1.7",
      "resolved": "https://registry.totalpave.com:48731/elementtree/-/elementtree-0.1.7.tgz",
      "integrity": "sha1-mskb5uUvtuYkTE5UpKw+2K6OKcA=",
      "license": "Apache-2.0",
      "dependencies": {
        "sax": "1.1.4"
      },
      "engines": {
        "node": ">= 0.4.0"
      }
    },
    "node_modules/sax": {
      "version": "1.1.4",
      "resolved": "https://registry.totalpave.com:48731/sax/-/sax-1.1.4.tgz",
      "integrity": "sha1-dLbTPJrh4AFRDxeakRaFiPGu2qk=",
      "license": "ISC"
    }
  }
}
