PODS:
  - BTFuse (0.8.8)
  - BTFuseNativeView (0.1.3)
  - GoogleMaps (8.4.0):
    - GoogleMaps/Maps (= 8.4.0)
  - GoogleMaps/Base (8.4.0)
  - GoogleMaps/Maps (8.4.0):
    - GoogleMaps/Base

DEPENDENCIES:
  - BTFuse (= 0.8.8)
  - BTFuseNativeView (= 0.1.3)
  - GoogleMaps (= 8.4.0)

SPEC REPOS:
  https://github.com/breautek/pods.git:
    - BTFuse
    - BTFuseNativeView
  https://github.com/CocoaPods/Specs.git:
    - GoogleMaps

SPEC CHECKSUMS:
  BTFuse: 4a2e9844c80e61a08a8de5f8d02a2ed07161a5d4
  BTFuseNativeView: dd6ec36d3362fc48f164a3c0cc9287336a149088
  GoogleMaps: 8939898920281c649150e0af74aa291c60f2e77d

PODFILE CHECKSUM: 35f662bfa27f091e40abb7930749c11edd933fbb

COCOAPODS: 1.15.2
