// !$*UTF8*$!
{
	archiveVersion = 1;
	classes = {
	};
	objectVersion = 56;
	objects = {

/* Begin PBXBuildFile section */
		9436BD732BF6CFD600E1A268 /* BTFuseGoogleMap.framework in Frameworks */ = {isa = PBXBuildFile; fileRef = 9436BD722BF6CFD600E1A268 /* BTFuseGoogleMap.framework */; };
		9436BD742BF6CFD600E1A268 /* BTFuseGoogleMap.framework in Embed Frameworks */ = {isa = PBXBuildFile; fileRef = 9436BD722BF6CFD600E1A268 /* BTFuseGoogleMap.framework */; settings = {ATTRIBUTES = (CodeSignOnCopy, RemoveHeadersOnCopy, ); }; };
		9436BD792BF6D80900E1A268 /* secrets.plist in Resources */ = {isa = PBXBuildFile; fileRef = 9436BD782BF6D80900E1A268 /* secrets.plist */; };
		94B3AC202CCECE2300BD34E2 /* BTFuse.framework in Frameworks */ = {isa = PBXBuildFile; fileRef = 94B3AC1B2CCECE2300BD34E2 /* BTFuse.framework */; };
		94B3AC212CCECE2300BD34E2 /* BTFuse.framework in Embed Frameworks */ = {isa = PBXBuildFile; fileRef = 94B3AC1B2CCECE2300BD34E2 /* BTFuse.framework */; settings = {ATTRIBUTES = (CodeSignOnCopy, RemoveHeadersOnCopy, ); }; };
		94B3AC222CCECE2300BD34E2 /* BTFuseNativeView.framework in Frameworks */ = {isa = PBXBuildFile; fileRef = 94B3AC1C2CCECE2300BD34E2 /* BTFuseNativeView.framework */; };
		94B3AC232CCECE2300BD34E2 /* BTFuseNativeView.framework in Embed Frameworks */ = {isa = PBXBuildFile; fileRef = 94B3AC1C2CCECE2300BD34E2 /* BTFuseNativeView.framework */; settings = {ATTRIBUTES = (CodeSignOnCopy, RemoveHeadersOnCopy, ); }; };
		94B3AC242CCECE2300BD34E2 /* GoogleMaps.xcframework in Frameworks */ = {isa = PBXBuildFile; fileRef = 94B3AC1D2CCECE2300BD34E2 /* GoogleMaps.xcframework */; };
		94B3AC252CCECE2300BD34E2 /* GoogleMaps.xcframework in Embed Frameworks */ = {isa = PBXBuildFile; fileRef = 94B3AC1D2CCECE2300BD34E2 /* GoogleMaps.xcframework */; settings = {ATTRIBUTES = (CodeSignOnCopy, RemoveHeadersOnCopy, ); }; };
		94B3AC262CCECE2300BD34E2 /* GoogleMapsBase.xcframework in Frameworks */ = {isa = PBXBuildFile; fileRef = 94B3AC1E2CCECE2300BD34E2 /* GoogleMapsBase.xcframework */; };
		94B3AC272CCECE2300BD34E2 /* GoogleMapsBase.xcframework in Embed Frameworks */ = {isa = PBXBuildFile; fileRef = 94B3AC1E2CCECE2300BD34E2 /* GoogleMapsBase.xcframework */; settings = {ATTRIBUTES = (CodeSignOnCopy, RemoveHeadersOnCopy, ); }; };
		94B3AC282CCECE2300BD34E2 /* GoogleMapsCore.xcframework in Frameworks */ = {isa = PBXBuildFile; fileRef = 94B3AC1F2CCECE2300BD34E2 /* GoogleMapsCore.xcframework */; };
		94B3AC292CCECE2300BD34E2 /* GoogleMapsCore.xcframework in Embed Frameworks */ = {isa = PBXBuildFile; fileRef = 94B3AC1F2CCECE2300BD34E2 /* GoogleMapsCore.xcframework */; settings = {ATTRIBUTES = (CodeSignOnCopy, RemoveHeadersOnCopy, ); }; };
		94C9438B2B9F9982009E2BBB /* AppDelegate.m in Sources */ = {isa = PBXBuildFile; fileRef = 94C9438A2B9F9982009E2BBB /* AppDelegate.m */; };
		94C9438E2B9F9982009E2BBB /* SceneDelegate.m in Sources */ = {isa = PBXBuildFile; fileRef = 94C9438D2B9F9982009E2BBB /* SceneDelegate.m */; };
		94C943912B9F9982009E2BBB /* ViewController.m in Sources */ = {isa = PBXBuildFile; fileRef = 94C943902B9F9982009E2BBB /* ViewController.m */; };
		94C943942B9F9982009E2BBB /* Base in Resources */ = {isa = PBXBuildFile; fileRef = 94C943932B9F9982009E2BBB /* Base */; };
		94C943962B9F9983009E2BBB /* Assets.xcassets in Resources */ = {isa = PBXBuildFile; fileRef = 94C943952B9F9983009E2BBB /* Assets.xcassets */; };
		94C943992B9F9983009E2BBB /* Base in Resources */ = {isa = PBXBuildFile; fileRef = 94C943982B9F9983009E2BBB /* Base */; };
		94C9439C2B9F9983009E2BBB /* main.m in Sources */ = {isa = PBXBuildFile; fileRef = 94C9439B2B9F9983009E2BBB /* main.m */; };
		94DFF0062BA784CF002C405A /* assets in Resources */ = {isa = PBXBuildFile; fileRef = 94DFF0052BA784CF002C405A /* assets */; };
/* End PBXBuildFile section */

/* Begin PBXCopyFilesBuildPhase section */
		9436BD752BF6CFD600E1A268 /* Embed Frameworks */ = {
			isa = PBXCopyFilesBuildPhase;
			buildActionMask = 2147483647;
			dstPath = "";
			dstSubfolderSpec = 10;
			files = (
				94B3AC292CCECE2300BD34E2 /* GoogleMapsCore.xcframework in Embed Frameworks */,
				94B3AC272CCECE2300BD34E2 /* GoogleMapsBase.xcframework in Embed Frameworks */,
				9436BD742BF6CFD600E1A268 /* BTFuseGoogleMap.framework in Embed Frameworks */,
				94B3AC212CCECE2300BD34E2 /* BTFuse.framework in Embed Frameworks */,
				94B3AC232CCECE2300BD34E2 /* BTFuseNativeView.framework in Embed Frameworks */,
				94B3AC252CCECE2300BD34E2 /* GoogleMaps.xcframework in Embed Frameworks */,
			);
			name = "Embed Frameworks";
			runOnlyForDeploymentPostprocessing = 0;
		};
/* End PBXCopyFilesBuildPhase section */

/* Begin PBXFileReference section */
		9436BD722BF6CFD600E1A268 /* BTFuseGoogleMap.framework */ = {isa = PBXFileReference; explicitFileType = wrapper.framework; path = BTFuseGoogleMap.framework; sourceTree = BUILT_PRODUCTS_DIR; };
		9436BD782BF6D80900E1A268 /* secrets.plist */ = {isa = PBXFileReference; lastKnownFileType = text.plist.xml; path = secrets.plist; sourceTree = "<group>"; };
		94B3AC1B2CCECE2300BD34E2 /* BTFuse.framework */ = {isa = PBXFileReference; explicitFileType = wrapper.framework; path = BTFuse.framework; sourceTree = BUILT_PRODUCTS_DIR; };
		94B3AC1C2CCECE2300BD34E2 /* BTFuseNativeView.framework */ = {isa = PBXFileReference; explicitFileType = wrapper.framework; path = BTFuseNativeView.framework; sourceTree = BUILT_PRODUCTS_DIR; };
		94B3AC1D2CCECE2300BD34E2 /* GoogleMaps.xcframework */ = {isa = PBXFileReference; lastKnownFileType = wrapper.xcframework; name = GoogleMaps.xcframework; path = ../../../../ios/third_party/com.breautek.btfuse.third_party/GoogleMaps.xcframework; sourceTree = "<group>"; };
		94B3AC1E2CCECE2300BD34E2 /* GoogleMapsBase.xcframework */ = {isa = PBXFileReference; lastKnownFileType = wrapper.xcframework; name = GoogleMapsBase.xcframework; path = ../../../../ios/third_party/com.breautek.btfuse.third_party/GoogleMapsBase.xcframework; sourceTree = "<group>"; };
		94B3AC1F2CCECE2300BD34E2 /* GoogleMapsCore.xcframework */ = {isa = PBXFileReference; lastKnownFileType = wrapper.xcframework; name = GoogleMapsCore.xcframework; path = ../../../../ios/third_party/com.breautek.btfuse.third_party/GoogleMapsCore.xcframework; sourceTree = "<group>"; };
		94B3AC2D2CCED0D800BD34E2 /* libz.tbd */ = {isa = PBXFileReference; lastKnownFileType = "sourcecode.text-based-dylib-definition"; name = libz.tbd; path = usr/lib/libz.tbd; sourceTree = SDKROOT; };
		94B3AC2E2CCED0D800BD34E2 /* CoreTelephony.framework */ = {isa = PBXFileReference; lastKnownFileType = wrapper.framework; name = CoreTelephony.framework; path = System/Library/Frameworks/CoreTelephony.framework; sourceTree = SDKROOT; };
		94B3AC2F2CCED0D800BD34E2 /* CoreData.framework */ = {isa = PBXFileReference; lastKnownFileType = wrapper.framework; name = CoreData.framework; path = System/Library/Frameworks/CoreData.framework; sourceTree = SDKROOT; };
		94B3AC302CCED0D800BD34E2 /* CoreText.framework */ = {isa = PBXFileReference; lastKnownFileType = wrapper.framework; name = CoreText.framework; path = System/Library/Frameworks/CoreText.framework; sourceTree = SDKROOT; };
		94B3AC312CCED0D800BD34E2 /* Accelerate.framework */ = {isa = PBXFileReference; lastKnownFileType = wrapper.framework; name = Accelerate.framework; path = System/Library/Frameworks/Accelerate.framework; sourceTree = SDKROOT; };
		94B3AC322CCED0D800BD34E2 /* Contacts.framework */ = {isa = PBXFileReference; lastKnownFileType = wrapper.framework; name = Contacts.framework; path = System/Library/Frameworks/Contacts.framework; sourceTree = SDKROOT; };
		94B3AC332CCED0D800BD34E2 /* QuartzCore.framework */ = {isa = PBXFileReference; lastKnownFileType = wrapper.framework; name = QuartzCore.framework; path = System/Library/Frameworks/QuartzCore.framework; sourceTree = SDKROOT; };
		94B3AC342CCED0D800BD34E2 /* UIKit.framework */ = {isa = PBXFileReference; lastKnownFileType = wrapper.framework; name = UIKit.framework; path = System/Library/Frameworks/UIKit.framework; sourceTree = SDKROOT; };
		94B3AC352CCED0D800BD34E2 /* CoreLocation.framework */ = {isa = PBXFileReference; lastKnownFileType = wrapper.framework; name = CoreLocation.framework; path = System/Library/Frameworks/CoreLocation.framework; sourceTree = SDKROOT; };
		94B3AC362CCED0D800BD34E2 /* libc++.tbd */ = {isa = PBXFileReference; lastKnownFileType = "sourcecode.text-based-dylib-definition"; name = "libc++.tbd"; path = "usr/lib/libc++.tbd"; sourceTree = SDKROOT; };
		94B3AC372CCED0D800BD34E2 /* ImageIO.framework */ = {isa = PBXFileReference; lastKnownFileType = wrapper.framework; name = ImageIO.framework; path = System/Library/Frameworks/ImageIO.framework; sourceTree = SDKROOT; };
		94B3AC382CCED0D800BD34E2 /* CoreGraphics.framework */ = {isa = PBXFileReference; lastKnownFileType = wrapper.framework; name = CoreGraphics.framework; path = System/Library/Frameworks/CoreGraphics.framework; sourceTree = SDKROOT; };
		94B3AC392CCED0D800BD34E2 /* CoreImage.framework */ = {isa = PBXFileReference; lastKnownFileType = wrapper.framework; name = CoreImage.framework; path = System/Library/Frameworks/CoreImage.framework; sourceTree = SDKROOT; };
		94B3AC3A2CCED0D800BD34E2 /* Metal.framework */ = {isa = PBXFileReference; lastKnownFileType = wrapper.framework; name = Metal.framework; path = System/Library/Frameworks/Metal.framework; sourceTree = SDKROOT; };
		94B3AC3B2CCED0D800BD34E2 /* GLKit.framework */ = {isa = PBXFileReference; lastKnownFileType = wrapper.framework; name = GLKit.framework; path = System/Library/Frameworks/GLKit.framework; sourceTree = SDKROOT; };
		94B3AC3C2CCED0D800BD34E2 /* SystemConfiguration.framework */ = {isa = PBXFileReference; lastKnownFileType = wrapper.framework; name = SystemConfiguration.framework; path = System/Library/Frameworks/SystemConfiguration.framework; sourceTree = SDKROOT; };
		94C943862B9F9982009E2BBB /* GoogleMap Test App.app */ = {isa = PBXFileReference; explicitFileType = wrapper.application; includeInIndex = 0; path = "GoogleMap Test App.app"; sourceTree = BUILT_PRODUCTS_DIR; };
		94C943892B9F9982009E2BBB /* AppDelegate.h */ = {isa = PBXFileReference; lastKnownFileType = sourcecode.c.h; path = AppDelegate.h; sourceTree = "<group>"; };
		94C9438A2B9F9982009E2BBB /* AppDelegate.m */ = {isa = PBXFileReference; lastKnownFileType = sourcecode.c.objc; path = AppDelegate.m; sourceTree = "<group>"; };
		94C9438C2B9F9982009E2BBB /* SceneDelegate.h */ = {isa = PBXFileReference; lastKnownFileType = sourcecode.c.h; path = SceneDelegate.h; sourceTree = "<group>"; };
		94C9438D2B9F9982009E2BBB /* SceneDelegate.m */ = {isa = PBXFileReference; lastKnownFileType = sourcecode.c.objc; path = SceneDelegate.m; sourceTree = "<group>"; };
		94C9438F2B9F9982009E2BBB /* ViewController.h */ = {isa = PBXFileReference; lastKnownFileType = sourcecode.c.h; path = ViewController.h; sourceTree = "<group>"; };
		94C943902B9F9982009E2BBB /* ViewController.m */ = {isa = PBXFileReference; lastKnownFileType = sourcecode.c.objc; path = ViewController.m; sourceTree = "<group>"; };
		94C943932B9F9982009E2BBB /* Base */ = {isa = PBXFileReference; lastKnownFileType = file.storyboard; name = Base; path = Base.lproj/Main.storyboard; sourceTree = "<group>"; };
		94C943952B9F9983009E2BBB /* Assets.xcassets */ = {isa = PBXFileReference; lastKnownFileType = folder.assetcatalog; path = Assets.xcassets; sourceTree = "<group>"; };
		94C943982B9F9983009E2BBB /* Base */ = {isa = PBXFileReference; lastKnownFileType = file.storyboard; name = Base; path = Base.lproj/LaunchScreen.storyboard; sourceTree = "<group>"; };
		94C9439A2B9F9983009E2BBB /* Info.plist */ = {isa = PBXFileReference; lastKnownFileType = text.plist.xml; path = Info.plist; sourceTree = "<group>"; };
		94C9439B2B9F9983009E2BBB /* main.m */ = {isa = PBXFileReference; lastKnownFileType = sourcecode.c.objc; path = main.m; sourceTree = "<group>"; };
		94DFF0052BA784CF002C405A /* assets */ = {isa = PBXFileReference; lastKnownFileType = folder; path = assets; sourceTree = "<group>"; };
		94DFF00B2BAA5A5C002C405A /* BTFuse.xcframework */ = {isa = PBXFileReference; lastKnownFileType = wrapper.xcframework; name = BTFuse.xcframework; path = "/Users/norman/development/breautek/fuse-google-maps/ios/BTFuseGoogleMap/../Pods/BTFuse/BTFuse.xcframework"; sourceTree = "<absolute>"; };
		94DFF0112BAA5C6F002C405A /* BTFuseGoogleMap.framework */ = {isa = PBXFileReference; explicitFileType = wrapper.framework; path = BTFuseGoogleMap.framework; sourceTree = BUILT_PRODUCTS_DIR; };
/* End PBXFileReference section */

/* Begin PBXFrameworksBuildPhase section */
		94C943832B9F9982009E2BBB /* Frameworks */ = {
			isa = PBXFrameworksBuildPhase;
			buildActionMask = 2147483647;
			files = (
				94B3AC282CCECE2300BD34E2 /* GoogleMapsCore.xcframework in Frameworks */,
				94B3AC262CCECE2300BD34E2 /* GoogleMapsBase.xcframework in Frameworks */,
				9436BD732BF6CFD600E1A268 /* BTFuseGoogleMap.framework in Frameworks */,
				94B3AC202CCECE2300BD34E2 /* BTFuse.framework in Frameworks */,
				94B3AC222CCECE2300BD34E2 /* BTFuseNativeView.framework in Frameworks */,
				94B3AC242CCECE2300BD34E2 /* GoogleMaps.xcframework in Frameworks */,
			);
			runOnlyForDeploymentPostprocessing = 0;
		};
/* End PBXFrameworksBuildPhase section */

/* Begin PBXGroup section */
		8223275C0D2FE84C57A7780F /* Frameworks */ = {
			isa = PBXGroup;
			children = (
				94B3AC312CCED0D800BD34E2 /* Accelerate.framework */,
				94B3AC322CCED0D800BD34E2 /* Contacts.framework */,
				94B3AC2F2CCED0D800BD34E2 /* CoreData.framework */,
				94B3AC382CCED0D800BD34E2 /* CoreGraphics.framework */,
				94B3AC392CCED0D800BD34E2 /* CoreImage.framework */,
				94B3AC352CCED0D800BD34E2 /* CoreLocation.framework */,
				94B3AC2E2CCED0D800BD34E2 /* CoreTelephony.framework */,
				94B3AC302CCED0D800BD34E2 /* CoreText.framework */,
				94B3AC3B2CCED0D800BD34E2 /* GLKit.framework */,
				94B3AC372CCED0D800BD34E2 /* ImageIO.framework */,
				94B3AC362CCED0D800BD34E2 /* libc++.tbd */,
				94B3AC2D2CCED0D800BD34E2 /* libz.tbd */,
				94B3AC3A2CCED0D800BD34E2 /* Metal.framework */,
				94B3AC332CCED0D800BD34E2 /* QuartzCore.framework */,
				94B3AC3C2CCED0D800BD34E2 /* SystemConfiguration.framework */,
				94B3AC342CCED0D800BD34E2 /* UIKit.framework */,
				94B3AC1B2CCECE2300BD34E2 /* BTFuse.framework */,
				94B3AC1C2CCECE2300BD34E2 /* BTFuseNativeView.framework */,
				94B3AC1D2CCECE2300BD34E2 /* GoogleMaps.xcframework */,
				94B3AC1E2CCECE2300BD34E2 /* GoogleMapsBase.xcframework */,
				94B3AC1F2CCECE2300BD34E2 /* GoogleMapsCore.xcframework */,
				9436BD722BF6CFD600E1A268 /* BTFuseGoogleMap.framework */,
				94DFF0112BAA5C6F002C405A /* BTFuseGoogleMap.framework */,
				94DFF00B2BAA5A5C002C405A /* BTFuse.xcframework */,
			);
			name = Frameworks;
			sourceTree = "<group>";
		};
		94C9437D2B9F9982009E2BBB = {
			isa = PBXGroup;
			children = (
				94C943882B9F9982009E2BBB /* GoogleMap Test App */,
				94C943872B9F9982009E2BBB /* Products */,
				8223275C0D2FE84C57A7780F /* Frameworks */,
			);
			sourceTree = "<group>";
		};
		94C943872B9F9982009E2BBB /* Products */ = {
			isa = PBXGroup;
			children = (
				94C943862B9F9982009E2BBB /* GoogleMap Test App.app */,
			);
			name = Products;
			sourceTree = "<group>";
		};
		94C943882B9F9982009E2BBB /* GoogleMap Test App */ = {
			isa = PBXGroup;
			children = (
				94DFF0052BA784CF002C405A /* assets */,
				94C943892B9F9982009E2BBB /* AppDelegate.h */,
				94C9438A2B9F9982009E2BBB /* AppDelegate.m */,
				94C9438C2B9F9982009E2BBB /* SceneDelegate.h */,
				94C9438D2B9F9982009E2BBB /* SceneDelegate.m */,
				94C9438F2B9F9982009E2BBB /* ViewController.h */,
				94C943902B9F9982009E2BBB /* ViewController.m */,
				94C943922B9F9982009E2BBB /* Main.storyboard */,
				94C943952B9F9983009E2BBB /* Assets.xcassets */,
				94C943972B9F9983009E2BBB /* LaunchScreen.storyboard */,
				94C9439A2B9F9983009E2BBB /* Info.plist */,
				94C9439B2B9F9983009E2BBB /* main.m */,
				9436BD782BF6D80900E1A268 /* secrets.plist */,
			);
			path = "GoogleMap Test App";
			sourceTree = "<group>";
		};
/* End PBXGroup section */

/* Begin PBXNativeTarget section */
		94C943852B9F9982009E2BBB /* GoogleMap Test App */ = {
			isa = PBXNativeTarget;
			buildConfigurationList = 94C9439F2B9F9983009E2BBB /* Build configuration list for PBXNativeTarget "GoogleMap Test App" */;
			buildPhases = (
				94C943822B9F9982009E2BBB /* Sources */,
				94C943832B9F9982009E2BBB /* Frameworks */,
				94C943842B9F9982009E2BBB /* Resources */,
				9436BD752BF6CFD600E1A268 /* Embed Frameworks */,
			);
			buildRules = (
			);
			dependencies = (
			);
			name = "GoogleMap Test App";
			productName = "GoogleMap Test App";
			productReference = 94C943862B9F9982009E2BBB /* GoogleMap Test App.app */;
			productType = "com.apple.product-type.application";
		};
/* End PBXNativeTarget section */

/* Begin PBXProject section */
		94C9437E2B9F9982009E2BBB /* Project object */ = {
			isa = PBXProject;
			attributes = {
				BuildIndependentTargetsInParallel = 1;
				LastUpgradeCheck = 1530;
				TargetAttributes = {
					94C943852B9F9982009E2BBB = {
						CreatedOnToolsVersion = 15.3;
					};
				};
			};
			buildConfigurationList = 94C943812B9F9982009E2BBB /* Build configuration list for PBXProject "GoogleMap Test App" */;
			compatibilityVersion = "Xcode 14.0";
			developmentRegion = en;
			hasScannedForEncodings = 0;
			knownRegions = (
				en,
				Base,
			);
			mainGroup = 94C9437D2B9F9982009E2BBB;
			productRefGroup = 94C943872B9F9982009E2BBB /* Products */;
			projectDirPath = "";
			projectRoot = "";
			targets = (
				94C943852B9F9982009E2BBB /* GoogleMap Test App */,
			);
		};
/* End PBXProject section */

/* Begin PBXResourcesBuildPhase section */
		94C943842B9F9982009E2BBB /* Resources */ = {
			isa = PBXResourcesBuildPhase;
			buildActionMask = 2147483647;
			files = (
				94C943962B9F9983009E2BBB /* Assets.xcassets in Resources */,
				94DFF0062BA784CF002C405A /* assets in Resources */,
				9436BD792BF6D80900E1A268 /* secrets.plist in Resources */,
				94C943992B9F9983009E2BBB /* Base in Resources */,
				94C943942B9F9982009E2BBB /* Base in Resources */,
			);
			runOnlyForDeploymentPostprocessing = 0;
		};
/* End PBXResourcesBuildPhase section */

/* Begin PBXSourcesBuildPhase section */
		94C943822B9F9982009E2BBB /* Sources */ = {
			isa = PBXSourcesBuildPhase;
			buildActionMask = 2147483647;
			files = (
				94C943912B9F9982009E2BBB /* ViewController.m in Sources */,
				94C9438B2B9F9982009E2BBB /* AppDelegate.m in Sources */,
				94C9439C2B9F9983009E2BBB /* main.m in Sources */,
				94C9438E2B9F9982009E2BBB /* SceneDelegate.m in Sources */,
			);
			runOnlyForDeploymentPostprocessing = 0;
		};
/* End PBXSourcesBuildPhase section */

/* Begin PBXVariantGroup section */
		94C943922B9F9982009E2BBB /* Main.storyboard */ = {
			isa = PBXVariantGroup;
			children = (
				94C943932B9F9982009E2BBB /* Base */,
			);
			name = Main.storyboard;
			sourceTree = "<group>";
		};
		94C943972B9F9983009E2BBB /* LaunchScreen.storyboard */ = {
			isa = PBXVariantGroup;
			children = (
				94C943982B9F9983009E2BBB /* Base */,
			);
			name = LaunchScreen.storyboard;
			sourceTree = "<group>";
		};
/* End PBXVariantGroup section */

/* Begin XCBuildConfiguration section */
		94C9439D2B9F9983009E2BBB /* Debug */ = {
			isa = XCBuildConfiguration;
			buildSettings = {
				ALWAYS_SEARCH_USER_PATHS = NO;
				ASSETCATALOG_COMPILER_GENERATE_SWIFT_ASSET_SYMBOL_EXTENSIONS = YES;
				CLANG_ANALYZER_NONNULL = YES;
				CLANG_ANALYZER_NUMBER_OBJECT_CONVERSION = YES_AGGRESSIVE;
				CLANG_CXX_LANGUAGE_STANDARD = "gnu++20";
				CLANG_ENABLE_MODULES = YES;
				CLANG_ENABLE_OBJC_ARC = YES;
				CLANG_ENABLE_OBJC_WEAK = YES;
				CLANG_WARN_BLOCK_CAPTURE_AUTORELEASING = YES;
				CLANG_WARN_BOOL_CONVERSION = YES;
				CLANG_WARN_COMMA = YES;
				CLANG_WARN_CONSTANT_CONVERSION = YES;
				CLANG_WARN_DEPRECATED_OBJC_IMPLEMENTATIONS = YES;
				CLANG_WARN_DIRECT_OBJC_ISA_USAGE = YES_ERROR;
				CLANG_WARN_DOCUMENTATION_COMMENTS = YES;
				CLANG_WARN_EMPTY_BODY = YES;
				CLANG_WARN_ENUM_CONVERSION = YES;
				CLANG_WARN_INFINITE_RECURSION = YES;
				CLANG_WARN_INT_CONVERSION = YES;
				CLANG_WARN_NON_LITERAL_NULL_CONVERSION = YES;
				CLANG_WARN_OBJC_IMPLICIT_RETAIN_SELF = YES;
				CLANG_WARN_OBJC_LITERAL_CONVERSION = YES;
				CLANG_WARN_OBJC_ROOT_CLASS = YES_ERROR;
				CLANG_WARN_QUOTED_INCLUDE_IN_FRAMEWORK_HEADER = YES;
				CLANG_WARN_RANGE_LOOP_ANALYSIS = YES;
				CLANG_WARN_STRICT_PROTOTYPES = YES;
				CLANG_WARN_SUSPICIOUS_MOVE = YES;
				CLANG_WARN_UNGUARDED_AVAILABILITY = YES_AGGRESSIVE;
				CLANG_WARN_UNREACHABLE_CODE = YES;
				CLANG_WARN__DUPLICATE_METHOD_MATCH = YES;
				COPY_PHASE_STRIP = NO;
				DEBUG_INFORMATION_FORMAT = dwarf;
				ENABLE_STRICT_OBJC_MSGSEND = YES;
				ENABLE_TESTABILITY = YES;
				ENABLE_USER_SCRIPT_SANDBOXING = NO;
				GCC_C_LANGUAGE_STANDARD = gnu17;
				GCC_DYNAMIC_NO_PIC = NO;
				GCC_NO_COMMON_BLOCKS = YES;
				GCC_OPTIMIZATION_LEVEL = 0;
				GCC_PREPROCESSOR_DEFINITIONS = (
					"DEBUG=1",
					"$(inherited)",
				);
				GCC_WARN_64_TO_32_BIT_CONVERSION = YES;
				GCC_WARN_ABOUT_RETURN_TYPE = YES_ERROR;
				GCC_WARN_UNDECLARED_SELECTOR = YES;
				GCC_WARN_UNINITIALIZED_AUTOS = YES_AGGRESSIVE;
				GCC_WARN_UNUSED_FUNCTION = YES;
				GCC_WARN_UNUSED_VARIABLE = YES;
				IPHONEOS_DEPLOYMENT_TARGET = 15.0;
				LOCALIZATION_PREFERS_STRING_CATALOGS = YES;
				MTL_ENABLE_DEBUG_INFO = INCLUDE_SOURCE;
				MTL_FAST_MATH = YES;
				ONLY_ACTIVE_ARCH = YES;
				SDKROOT = iphoneos;
			};
			name = Debug;
		};
		94C9439E2B9F9983009E2BBB /* Release */ = {
			isa = XCBuildConfiguration;
			buildSettings = {
				ALWAYS_SEARCH_USER_PATHS = NO;
				ASSETCATALOG_COMPILER_GENERATE_SWIFT_ASSET_SYMBOL_EXTENSIONS = YES;
				CLANG_ANALYZER_NONNULL = YES;
				CLANG_ANALYZER_NUMBER_OBJECT_CONVERSION = YES_AGGRESSIVE;
				CLANG_CXX_LANGUAGE_STANDARD = "gnu++20";
				CLANG_ENABLE_MODULES = YES;
				CLANG_ENABLE_OBJC_ARC = YES;
				CLANG_ENABLE_OBJC_WEAK = YES;
				CLANG_WARN_BLOCK_CAPTURE_AUTORELEASING = YES;
				CLANG_WARN_BOOL_CONVERSION = YES;
				CLANG_WARN_COMMA = YES;
				CLANG_WARN_CONSTANT_CONVERSION = YES;
				CLANG_WARN_DEPRECATED_OBJC_IMPLEMENTATIONS = YES;
				CLANG_WARN_DIRECT_OBJC_ISA_USAGE = YES_ERROR;
				CLANG_WARN_DOCUMENTATION_COMMENTS = YES;
				CLANG_WARN_EMPTY_BODY = YES;
				CLANG_WARN_ENUM_CONVERSION = YES;
				CLANG_WARN_INFINITE_RECURSION = YES;
				CLANG_WARN_INT_CONVERSION = YES;
				CLANG_WARN_NON_LITERAL_NULL_CONVERSION = YES;
				CLANG_WARN_OBJC_IMPLICIT_RETAIN_SELF = YES;
				CLANG_WARN_OBJC_LITERAL_CONVERSION = YES;
				CLANG_WARN_OBJC_ROOT_CLASS = YES_ERROR;
				CLANG_WARN_QUOTED_INCLUDE_IN_FRAMEWORK_HEADER = YES;
				CLANG_WARN_RANGE_LOOP_ANALYSIS = YES;
				CLANG_WARN_STRICT_PROTOTYPES = YES;
				CLANG_WARN_SUSPICIOUS_MOVE = YES;
				CLANG_WARN_UNGUARDED_AVAILABILITY = YES_AGGRESSIVE;
				CLANG_WARN_UNREACHABLE_CODE = YES;
				CLANG_WARN__DUPLICATE_METHOD_MATCH = YES;
				COPY_PHASE_STRIP = NO;
				DEBUG_INFORMATION_FORMAT = "dwarf-with-dsym";
				ENABLE_NS_ASSERTIONS = NO;
				ENABLE_STRICT_OBJC_MSGSEND = YES;
				ENABLE_USER_SCRIPT_SANDBOXING = NO;
				GCC_C_LANGUAGE_STANDARD = gnu17;
				GCC_NO_COMMON_BLOCKS = YES;
				GCC_WARN_64_TO_32_BIT_CONVERSION = YES;
				GCC_WARN_ABOUT_RETURN_TYPE = YES_ERROR;
				GCC_WARN_UNDECLARED_SELECTOR = YES;
				GCC_WARN_UNINITIALIZED_AUTOS = YES_AGGRESSIVE;
				GCC_WARN_UNUSED_FUNCTION = YES;
				GCC_WARN_UNUSED_VARIABLE = YES;
				IPHONEOS_DEPLOYMENT_TARGET = 15.0;
				LOCALIZATION_PREFERS_STRING_CATALOGS = YES;
				MTL_ENABLE_DEBUG_INFO = NO;
				MTL_FAST_MATH = YES;
				SDKROOT = iphoneos;
				VALIDATE_PRODUCT = YES;
			};
			name = Release;
		};
		94C943A02B9F9983009E2BBB /* Debug */ = {
			isa = XCBuildConfiguration;
			buildSettings = {
				ASSETCATALOG_COMPILER_APPICON_NAME = AppIcon;
				ASSETCATALOG_COMPILER_GLOBAL_ACCENT_COLOR_NAME = AccentColor;
				CODE_SIGN_STYLE = Automatic;
				CURRENT_PROJECT_VERSION = 1;
				DEVELOPMENT_TEAM = AF37P8XHYY;
				GENERATE_INFOPLIST_FILE = YES;
				INFOPLIST_FILE = "GoogleMap Test App/Info.plist";
				INFOPLIST_KEY_UIApplicationSupportsIndirectInputEvents = YES;
				INFOPLIST_KEY_UILaunchStoryboardName = LaunchScreen;
				INFOPLIST_KEY_UIMainStoryboardFile = Main;
				INFOPLIST_KEY_UISupportedInterfaceOrientations_iPad = "UIInterfaceOrientationPortrait UIInterfaceOrientationPortraitUpsideDown UIInterfaceOrientationLandscapeLeft UIInterfaceOrientationLandscapeRight";
				INFOPLIST_KEY_UISupportedInterfaceOrientations_iPhone = "UIInterfaceOrientationPortrait UIInterfaceOrientationLandscapeLeft UIInterfaceOrientationLandscapeRight";
				LD_RUNPATH_SEARCH_PATHS = (
					"$(inherited)",
					"@executable_path/Frameworks",
				);
				MARKETING_VERSION = 1.0;
				PRODUCT_BUNDLE_IDENTIFIER = "com.breautek.fuse.GoogleMap-Test-App";
				PRODUCT_NAME = "$(TARGET_NAME)";
				SUPPORTED_PLATFORMS = "iphoneos iphonesimulator";
				SUPPORTS_MACCATALYST = NO;
				SUPPORTS_MAC_DESIGNED_FOR_IPHONE_IPAD = NO;
				SUPPORTS_XR_DESIGNED_FOR_IPHONE_IPAD = NO;
				SWIFT_EMIT_LOC_STRINGS = YES;
				TARGETED_DEVICE_FAMILY = 1;
			};
			name = Debug;
		};
		94C943A12B9F9983009E2BBB /* Release */ = {
			isa = XCBuildConfiguration;
			buildSettings = {
				ASSETCATALOG_COMPILER_APPICON_NAME = AppIcon;
				ASSETCATALOG_COMPILER_GLOBAL_ACCENT_COLOR_NAME = AccentColor;
				CODE_SIGN_STYLE = Automatic;
				CURRENT_PROJECT_VERSION = 1;
				DEVELOPMENT_TEAM = AF37P8XHYY;
				GENERATE_INFOPLIST_FILE = YES;
				INFOPLIST_FILE = "GoogleMap Test App/Info.plist";
				INFOPLIST_KEY_UIApplicationSupportsIndirectInputEvents = YES;
				INFOPLIST_KEY_UILaunchStoryboardName = LaunchScreen;
				INFOPLIST_KEY_UIMainStoryboardFile = Main;
				INFOPLIST_KEY_UISupportedInterfaceOrientations_iPad = "UIInterfaceOrientationPortrait UIInterfaceOrientationPortraitUpsideDown UIInterfaceOrientationLandscapeLeft UIInterfaceOrientationLandscapeRight";
				INFOPLIST_KEY_UISupportedInterfaceOrientations_iPhone = "UIInterfaceOrientationPortrait UIInterfaceOrientationLandscapeLeft UIInterfaceOrientationLandscapeRight";
				LD_RUNPATH_SEARCH_PATHS = (
					"$(inherited)",
					"@executable_path/Frameworks",
				);
				MARKETING_VERSION = 1.0;
				PRODUCT_BUNDLE_IDENTIFIER = "com.breautek.fuse.GoogleMap-Test-App";
				PRODUCT_NAME = "$(TARGET_NAME)";
				SUPPORTED_PLATFORMS = "iphoneos iphonesimulator";
				SUPPORTS_MACCATALYST = NO;
				SUPPORTS_MAC_DESIGNED_FOR_IPHONE_IPAD = NO;
				SUPPORTS_XR_DESIGNED_FOR_IPHONE_IPAD = NO;
				SWIFT_EMIT_LOC_STRINGS = YES;
				TARGETED_DEVICE_FAMILY = 1;
			};
			name = Release;
		};
/* End XCBuildConfiguration section */

/* Begin XCConfigurationList section */
		94C943812B9F9982009E2BBB /* Build configuration list for PBXProject "GoogleMap Test App" */ = {
			isa = XCConfigurationList;
			buildConfigurations = (
				94C9439D2B9F9983009E2BBB /* Debug */,
				94C9439E2B9F9983009E2BBB /* Release */,
			);
			defaultConfigurationIsVisible = 0;
			defaultConfigurationName = Release;
		};
		94C9439F2B9F9983009E2BBB /* Build configuration list for PBXNativeTarget "GoogleMap Test App" */ = {
			isa = XCConfigurationList;
			buildConfigurations = (
				94C943A02B9F9983009E2BBB /* Debug */,
				94C943A12B9F9983009E2BBB /* Release */,
			);
			defaultConfigurationIsVisible = 0;
			defaultConfigurationName = Release;
		};
/* End XCConfigurationList section */
	};
	rootObject = 94C9437E2B9F9982009E2BBB /* Project object */;
}
