{
  "name": "@btfuse/filesystem",
  "version": "0.0.0",
  "lockfileVersion": 3,
  "requires": true,
  "packages": {
    "": {
      "name": "@btfuse/filesystem",
      "version": "0.0.0",
      "license": "Apache-2.0",
      "dependencies": {
        "path": "^0.12.7",
        "tslib": "^2.7.0"
      },
      "devDependencies": {},
      "peerDependencies": {
        "@btfuse/core": "^0.9.0"
      }
    },
    "../../js": {
      "name": "@btfuse/core",
      "version": "0.9.0",
      "license": "Apache-2.0",
      "peer": true,
      "dependencies": {
        "tslib": "2.8.1",
        "uuid": "11.1.0"
      },
      "devDependencies": {}
    },
    "node_modules/@btfuse/core": {
      "resolved": "../../js",
      "link": true
    },
    "node_modules/inherits": {
      "version": "2.0.3",
      "resolved": "https://registry.totalpave.com:48731/inherits/-/inherits-2.0.3.tgz",
      "integrity": "sha1-Yzwsg+PaQqUC9SRmAiSA9CCCYd4="
    },
    "node_modules/path": {
      "version": "0.12.7",
      "resolved": "https://registry.totalpave.com:48731/path/-/path-0.12.7.tgz",
      "integrity": "sha1-1NwqUGxM4hl+tIHr/NWzbAFAsQ8=",
      "dependencies": {
        "process": "^0.11.1",
        "util": "^0.10.3"
      }
    },
    "node_modules/process": {
      "version": "0.11.10",
      "resolved": "https://registry.totalpave.com:48731/process/-/process-0.11.10.tgz",
      "integrity": "sha1-czIwDoQBYb2j5podHZGn1LwW8YI=",
      "engines": {
        "node": ">= 0.6.0"
      }
    },
    "node_modules/tslib": {
      "version": "2.7.0",
      "resolved": "https://registry.totalpave.com:48731/tslib/-/tslib-2.7.0.tgz",
      "integrity": "sha512-gLXCKdN1/j47AiHiOkJN69hJmcbGTHI0ImLmbYLHykhgeN0jVGola9yVjFgzCUklsZQMW55o+dW7IXv3RCXDzA=="
    },
    "node_modules/util": {
      "version": "0.10.4",
      "resolved": "https://registry.totalpave.com:48731/util/-/util-0.10.4.tgz",
      "integrity": "sha512-0Pm9hTQ3se5ll1XihRic3FDIku70C+iHUdT/W926rSgHV5QgXsYbKZN8MSC3tJtSkhuROzvsQjAaFENRXr+19A==",
      "dependencies": {
        "inherits": "2.0.3"
      }
    }
  }
}
