{
  "name": "@btfuse/native-view",
  "version": "0.0.0",
  "lockfileVersion": 3,
  "requires": true,
  "packages": {
    "": {
      "name": "@btfuse/native-view",
      "version": "0.0.0",
      "license": "Apache-2.0",
      "devDependencies": {
        "@btfuse/core": "file:../../js",
        "typescript": "^5.3.3"
      }
    },
    "../../js": {
      "version": "0.8.0",
      "dev": true,
      "license": "Apache-2.0",
      "dependencies": {
        "tslib": "2.8.0",
        "uuid": "10.0.0"
      },
      "devDependencies": {
        "@types/jest": "29.5.13",
        "@types/uuid": "10.0.0",
        "@typescript-eslint/eslint-plugin": "7.18.0",
        "@typescript-eslint/parser": "7.18.0",
        "eslint": "8.57.1",
        "eslint-plugin-tsdoc": "0.3.0",
        "jest": "29.7.0",
        "jest-environment-jsdom": "29.7.0",
        "ts-jest": "29.2.5",
        "ts-node": "10.9.2",
        "typescript": "5.5.4"
      }
    },
    "node_modules/@btfuse/core": {
      "resolved": "../../js",
      "link": true
    },
    "node_modules/typescript": {
      "version": "5.3.3",
      "resolved": "https://registry.npmjs.org/typescript/-/typescript-5.3.3.tgz",
      "integrity": "sha512-pXWcraxM0uxAS+tN0AG/BF2TyqmHO014Z070UsJ+pFvYuRSq8KH8DmWpnbXe0pEPDHXZV3FcAbJkijJ5oNEnWw==",
      "dev": true,
      "bin": {
        "tsc": "bin/tsc",
        "tsserver": "bin/tsserver"
      },
      "engines": {
        "node": ">=14.17"
      }
    }
  }
}
