{
  "name": "@btfuse/native-view",
  "version": "0.0.0",
  "lockfileVersion": 3,
  "requires": true,
  "packages": {
    "": {
      "name": "@btfuse/native-view",
      "version": "0.0.0",
      "license": "Apache-2.0",
      "devDependencies": {
        "@btfuse/core": "file:../../js"
      }
    },
    "../../js": {
      "name": "@btfuse/core",
      "version": "0.8.0",
      "dev": true,
      "license": "Apache-2.0",
      "dependencies": {
        "tslib": "2.8.0",
        "uuid": "10.0.0"
      },
      "devDependencies": {
        "@types/uuid": "10.0.0"
      }
    },
    "node_modules/@btfuse/core": {
      "resolved": "../../js",
      "link": true
    }
  }
}
