{
  "name": "@btfuse/google-maps",
  "version": "0.0.0",
  "lockfileVersion": 3,
  "requires": true,
  "packages": {
    "": {
      "name": "@btfuse/google-maps",
      "version": "0.0.0",
      "license": "Apache-2.0",
      "dependencies": {
        "path": "^0.12.7"
      },
      "devDependencies": {
        "@types/geojson": "^7946.0.14"
      },
      "peerDependencies": {
        "@btfuse/core": "^0.9.0",
        "@btfuse/native-view": "*"
      }
    },
    "../../js": {
      "name": "@btfuse/core",
      "version": "0.9.0",
      "license": "Apache-2.0",
      "peer": true,
      "dependencies": {
        "tslib": "2.8.1",
        "uuid": "11.1.0"
      },
      "devDependencies": {}
    },
    "../native-view": {
      "name": "@btfuse/native-view",
      "version": "0.0.0",
      "license": "Apache-2.0",
      "peer": true,
      "devDependencies": {
        "@btfuse/core": "file:../../js"
      }
    },
    "node_modules/@btfuse/core": {
      "resolved": "../../js",
      "link": true
    },
    "node_modules/@btfuse/native-view": {
      "resolved": "../native-view",
      "link": true
    },
    "node_modules/@types/geojson": {
      "version": "7946.0.14",
      "resolved": "https://registry.npmjs.org/@types/geojson/-/geojson-7946.0.14.tgz",
      "integrity": "sha512-WCfD5Ht3ZesJUsONdhvm84dmzWOiOzOAqOncN0++w0lBw1o8OuDNJF2McvvCef/yBqb/HYRahp1BYtODFQ8bRg==",
      "dev": true
    },
    "node_modules/inherits": {
      "version": "2.0.3",
      "resolved": "https://registry.npmjs.org/inherits/-/inherits-2.0.3.tgz",
      "integrity": "sha512-x00IRNXNy63jwGkJmzPigoySHbaqpNuzKbBOmzK+g2OdZpQ9w+sxCN+VSB3ja7IAge2OP2qpfxTjeNcyjmW1uw=="
    },
    "node_modules/path": {
      "version": "0.12.7",
      "resolved": "https://registry.npmjs.org/path/-/path-0.12.7.tgz",
      "integrity": "sha512-aXXC6s+1w7otVF9UletFkFcDsJeO7lSZBPUQhtb5O0xJe8LtYhj/GxldoL09bBj9+ZmE2hNoHqQSFMN5fikh4Q==",
      "dependencies": {
        "process": "^0.11.1",
        "util": "^0.10.3"
      }
    },
    "node_modules/process": {
      "version": "0.11.10",
      "resolved": "https://registry.npmjs.org/process/-/process-0.11.10.tgz",
      "integrity": "sha512-cdGef/drWFoydD1JsMzuFf8100nZl+GT+yacc2bEced5f9Rjk4z+WtFUTBu9PhOi9j/jfmBPu0mMEY4wIdAF8A==",
      "engines": {
        "node": ">= 0.6.0"
      }
    },
    "node_modules/util": {
      "version": "0.10.4",
      "resolved": "https://registry.npmjs.org/util/-/util-0.10.4.tgz",
      "integrity": "sha512-0Pm9hTQ3se5ll1XihRic3FDIku70C+iHUdT/W926rSgHV5QgXsYbKZN8MSC3tJtSkhuROzvsQjAaFENRXr+19A==",
      "dependencies": {
        "inherits": "2.0.3"
      }
    }
  }
}
